// !$*UTF8*$!
{
	archiveVersion = 1;
	classes = {
	};
	objectVersion = 56;
	objects = {

/* Begin PBXBuildFile section */
		6C2625222A5D52020055C757 /* BoxViewController.mm in Sources */ = {isa = PBXBuildFile; fileRef = 6C2625212A5D52020055C757 /* BoxViewController.mm */; };
		6C82D1F22A653412006E5F8C /* XXdMath.h in Headers */ = {isa = PBXBuildFile; fileRef = 6C82D1E72A653253006E5F8C /* XXdMath.h */; };
		6C82D1FB2A6535FF006E5F8C /* XXdMath.cpp in Sources */ = {isa = PBXBuildFile; fileRef = 6C82D1F92A6535FF006E5F8C /* XXdMath.cpp */; };
		6C82D20C2A6545F9006E5F8C /* Metal.framework in Frameworks */ = {isa = PBXBuildFile; fileRef = 6C82D2062A653AB8006E5F8C /* Metal.framework */; };
		6C82D20D2A6545F9006E5F8C /* MetalKit.framework in Frameworks */ = {isa = PBXBuildFile; fileRef = 6C82D2002A653A64006E5F8C /* MetalKit.framework */; };
		6C82D20E2A654600006E5F8C /* UIKit.framework in Frameworks */ = {isa = PBXBuildFile; fileRef = 6C82D2042A653AAA006E5F8C /* UIKit.framework */; platformFilter = ios; };
		6C82D20F2A6547B3006E5F8C /* libxxd-math.a in Frameworks */ = {isa = PBXBuildFile; fileRef = 6C82D1E12A653184006E5F8C /* libxxd-math.a */; };
		6CC33CF72A5BB95200F08869 /* AppDelegate.mm in Sources */ = {isa = PBXBuildFile; fileRef = 6CC33CF62A5BB95200F08869 /* AppDelegate.mm */; };
		6CC33CFA2A5BB95200F08869 /* SceneDelegate.mm in Sources */ = {isa = PBXBuildFile; fileRef = 6CC33CF92A5BB95200F08869 /* SceneDelegate.mm */; };
		6CC33CFD2A5BB95200F08869 /* MainViewController.mm in Sources */ = {isa = PBXBuildFile; fileRef = 6CC33CFC2A5BB95200F08869 /* MainViewController.mm */; };
		6CC33D022A5BB95300F08869 /* Assets.xcassets in Resources */ = {isa = PBXBuildFile; fileRef = 6CC33D012A5BB95300F08869 /* Assets.xcassets */; };
		6CC33D082A5BB95300F08869 /* main.mm in Sources */ = {isa = PBXBuildFile; fileRef = 6CC33D072A5BB95300F08869 /* main.mm */; };
		6CC33D102A5BCEE400F08869 /* MainView.mm in Sources */ = {isa = PBXBuildFile; fileRef = 6CC33D0F2A5BCEE400F08869 /* MainView.mm */; };
		6CC33D162A5BED4700F08869 /* TriangleViewController.mm in Sources */ = {isa = PBXBuildFile; fileRef = 6CC33D152A5BED4700F08869 /* TriangleViewController.mm */; };
		6CC33D192A5C1D0100F08869 /* XXdView.mm in Sources */ = {isa = PBXBuildFile; fileRef = 6CC33D182A5C1D0100F08869 /* XXdView.mm */; };
		6CC33D1B2A5C2A8500F08869 /* MetalShader.metal in Sources */ = {isa = PBXBuildFile; fileRef = 6CC33D1A2A5C2A8500F08869 /* MetalShader.metal */; };
/* End PBXBuildFile section */

/* Begin PBXFileReference section */
		6C2625202A5D52020055C757 /* BoxViewController.h */ = {isa = PBXFileReference; lastKnownFileType = sourcecode.c.h; path = BoxViewController.h; sourceTree = "<group>"; };
		6C2625212A5D52020055C757 /* BoxViewController.mm */ = {isa = PBXFileReference; lastKnownFileType = sourcecode.cpp.objcpp; path = BoxViewController.mm; sourceTree = "<group>"; };
		6C82D1E12A653184006E5F8C /* libxxd-math.a */ = {isa = PBXFileReference; explicitFileType = archive.ar; includeInIndex = 0; path = "libxxd-math.a"; sourceTree = BUILT_PRODUCTS_DIR; };
		6C82D1E72A653253006E5F8C /* XXdMath.h */ = {isa = PBXFileReference; fileEncoding = 4; lastKnownFileType = sourcecode.c.h; path = XXdMath.h; sourceTree = "<group>"; };
		6C82D1F92A6535FF006E5F8C /* XXdMath.cpp */ = {isa = PBXFileReference; lastKnownFileType = sourcecode.cpp.cpp; path = XXdMath.cpp; sourceTree = "<group>"; };
		6C82D2002A653A64006E5F8C /* MetalKit.framework */ = {isa = PBXFileReference; lastKnownFileType = wrapper.framework; name = MetalKit.framework; path = System/Library/Frameworks/MetalKit.framework; sourceTree = SDKROOT; };
		6C82D2042A653AAA006E5F8C /* UIKit.framework */ = {isa = PBXFileReference; lastKnownFileType = wrapper.framework; name = UIKit.framework; path = System/Library/Frameworks/UIKit.framework; sourceTree = SDKROOT; };
		6C82D2062A653AB8006E5F8C /* Metal.framework */ = {isa = PBXFileReference; lastKnownFileType = wrapper.framework; name = Metal.framework; path = System/Library/Frameworks/Metal.framework; sourceTree = SDKROOT; };
		6CC33CF22A5BB95200F08869 /* ios-metal.app */ = {isa = PBXFileReference; explicitFileType = wrapper.application; includeInIndex = 0; path = "ios-metal.app"; sourceTree = BUILT_PRODUCTS_DIR; };
		6CC33CF52A5BB95200F08869 /* AppDelegate.h */ = {isa = PBXFileReference; lastKnownFileType = sourcecode.c.h; path = AppDelegate.h; sourceTree = "<group>"; };
		6CC33CF62A5BB95200F08869 /* AppDelegate.mm */ = {isa = PBXFileReference; lastKnownFileType = sourcecode.cpp.objcpp; path = AppDelegate.mm; sourceTree = "<group>"; };
		6CC33CF82A5BB95200F08869 /* SceneDelegate.h */ = {isa = PBXFileReference; lastKnownFileType = sourcecode.c.h; path = SceneDelegate.h; sourceTree = "<group>"; };
		6CC33CF92A5BB95200F08869 /* SceneDelegate.mm */ = {isa = PBXFileReference; lastKnownFileType = sourcecode.cpp.objcpp; path = SceneDelegate.mm; sourceTree = "<group>"; };
		6CC33CFB2A5BB95200F08869 /* MainViewController.h */ = {isa = PBXFileReference; lastKnownFileType = sourcecode.c.h; path = MainViewController.h; sourceTree = "<group>"; };
		6CC33CFC2A5BB95200F08869 /* MainViewController.mm */ = {isa = PBXFileReference; lastKnownFileType = sourcecode.cpp.objcpp; path = MainViewController.mm; sourceTree = "<group>"; };
		6CC33D012A5BB95300F08869 /* Assets.xcassets */ = {isa = PBXFileReference; lastKnownFileType = folder.assetcatalog; path = Assets.xcassets; sourceTree = "<group>"; };
		6CC33D062A5BB95300F08869 /* Info.plist */ = {isa = PBXFileReference; lastKnownFileType = text.plist.xml; path = Info.plist; sourceTree = "<group>"; };
		6CC33D072A5BB95300F08869 /* main.mm */ = {isa = PBXFileReference; lastKnownFileType = sourcecode.cpp.objcpp; path = main.mm; sourceTree = "<group>"; };
		6CC33D0E2A5BCEE400F08869 /* MainView.h */ = {isa = PBXFileReference; lastKnownFileType = sourcecode.c.h; path = MainView.h; sourceTree = "<group>"; };
		6CC33D0F2A5BCEE400F08869 /* MainView.mm */ = {isa = PBXFileReference; lastKnownFileType = sourcecode.cpp.objcpp; path = MainView.mm; sourceTree = "<group>"; };
		6CC33D142A5BED4700F08869 /* TriangleViewController.h */ = {isa = PBXFileReference; lastKnownFileType = sourcecode.c.h; path = TriangleViewController.h; sourceTree = "<group>"; };
		6CC33D152A5BED4700F08869 /* TriangleViewController.mm */ = {isa = PBXFileReference; lastKnownFileType = sourcecode.cpp.objcpp; path = TriangleViewController.mm; sourceTree = "<group>"; };
		6CC33D172A5C1D0100F08869 /* XXdView.h */ = {isa = PBXFileReference; lastKnownFileType = sourcecode.c.h; path = XXdView.h; sourceTree = "<group>"; };
		6CC33D182A5C1D0100F08869 /* XXdView.mm */ = {isa = PBXFileReference; lastKnownFileType = sourcecode.cpp.objcpp; path = XXdView.mm; sourceTree = "<group>"; };
		6CC33D1A2A5C2A8500F08869 /* MetalShader.metal */ = {isa = PBXFileReference; lastKnownFileType = sourcecode.metal; path = MetalShader.metal; sourceTree = "<group>"; };
/* End PBXFileReference section */

/* Begin PBXFrameworksBuildPhase section */
		6C82D1DF2A653184006E5F8C /* Frameworks */ = {
			isa = PBXFrameworksBuildPhase;
			buildActionMask = 2147483647;
			files = (
			);
			runOnlyForDeploymentPostprocessing = 0;
		};
		6CC33CEF2A5BB95200F08869 /* Frameworks */ = {
			isa = PBXFrameworksBuildPhase;
			buildActionMask = 2147483647;
			files = (
				6C82D20F2A6547B3006E5F8C /* libxxd-math.a in Frameworks */,
				6C82D20E2A654600006E5F8C /* UIKit.framework in Frameworks */,
				6C82D20C2A6545F9006E5F8C /* Metal.framework in Frameworks */,
				6C82D20D2A6545F9006E5F8C /* MetalKit.framework in Frameworks */,
			);
			runOnlyForDeploymentPostprocessing = 0;
		};
/* End PBXFrameworksBuildPhase section */

/* Begin PBXGroup section */
		6C6355CF2A60E1BE001F0D10 /* View */ = {
			isa = PBXGroup;
			children = (
				6CC33D0E2A5BCEE400F08869 /* MainView.h */,
				6CC33D0F2A5BCEE400F08869 /* MainView.mm */,
				6CC33D172A5C1D0100F08869 /* XXdView.h */,
				6CC33D182A5C1D0100F08869 /* XXdView.mm */,
			);
			path = View;
			sourceTree = "<group>";
		};
		6C6355D02A60E1D1001F0D10 /* ViewController */ = {
			isa = PBXGroup;
			children = (
				6CC33CFB2A5BB95200F08869 /* MainViewController.h */,
				6CC33CFC2A5BB95200F08869 /* MainViewController.mm */,
				6CC33D142A5BED4700F08869 /* TriangleViewController.h */,
				6CC33D152A5BED4700F08869 /* TriangleViewController.mm */,
				6C2625202A5D52020055C757 /* BoxViewController.h */,
				6C2625212A5D52020055C757 /* BoxViewController.mm */,
			);
			path = ViewController;
			sourceTree = "<group>";
		};
		6C6355D12A60E24B001F0D10 /* Shader */ = {
			isa = PBXGroup;
			children = (
				6CC33D1A2A5C2A8500F08869 /* MetalShader.metal */,
			);
			path = Shader;
			sourceTree = "<group>";
		};
		6C6355D22A60E2E5001F0D10 /* Config */ = {
			isa = PBXGroup;
			children = (
				6CC33D012A5BB95300F08869 /* Assets.xcassets */,
				6CC33D062A5BB95300F08869 /* Info.plist */,
			);
			path = Config;
			sourceTree = "<group>";
		};
		6C6355D42A60E39E001F0D10 /* Main */ = {
			isa = PBXGroup;
			children = (
				6CC33CF52A5BB95200F08869 /* AppDelegate.h */,
				6CC33CF62A5BB95200F08869 /* AppDelegate.mm */,
				6CC33CF82A5BB95200F08869 /* SceneDelegate.h */,
				6CC33CF92A5BB95200F08869 /* SceneDelegate.mm */,
				6CC33D072A5BB95300F08869 /* main.mm */,
			);
			path = Main;
			sourceTree = "<group>";
		};
		6C82D1E52A65318C006E5F8C /* ios-metal */ = {
			isa = PBXGroup;
			children = (
				6CC33CF42A5BB95200F08869 /* AppCore */,
				6C6355D22A60E2E5001F0D10 /* Config */,
				6C6355D12A60E24B001F0D10 /* Shader */,
			);
			path = "ios-metal";
			sourceTree = "<group>";
		};
		6C82D1E62A65320E006E5F8C /* xxd-math */ = {
			isa = PBXGroup;
			children = (
				6C82D1E72A653253006E5F8C /* XXdMath.h */,
				6C82D1F92A6535FF006E5F8C /* XXdMath.cpp */,
			);
			path = "xxd-math";
			sourceTree = "<group>";
		};
		6C82D1FD2A653A53006E5F8C /* Frameworks */ = {
			isa = PBXGroup;
			children = (
				6C82D2062A653AB8006E5F8C /* Metal.framework */,
				6C82D2042A653AAA006E5F8C /* UIKit.framework */,
				6C82D2002A653A64006E5F8C /* MetalKit.framework */,
			);
			name = Frameworks;
			sourceTree = "<group>";
		};
		6CC33CE92A5BB95200F08869 = {
			isa = PBXGroup;
			children = (
				6C82D1E62A65320E006E5F8C /* xxd-math */,
				6C82D1E52A65318C006E5F8C /* ios-metal */,
				6CC33CF32A5BB95200F08869 /* Products */,
				6C82D1FD2A653A53006E5F8C /* Frameworks */,
			);
			sourceTree = "<group>";
		};
		6CC33CF32A5BB95200F08869 /* Products */ = {
			isa = PBXGroup;
			children = (
				6CC33CF22A5BB95200F08869 /* ios-metal.app */,
				6C82D1E12A653184006E5F8C /* libxxd-math.a */,
			);
			name = Products;
			sourceTree = "<group>";
		};
		6CC33CF42A5BB95200F08869 /* AppCore */ = {
			isa = PBXGroup;
			children = (
				6C6355D02A60E1D1001F0D10 /* ViewController */,
				6C6355CF2A60E1BE001F0D10 /* View */,
				6C6355D42A60E39E001F0D10 /* Main */,
			);
			path = AppCore;
			sourceTree = "<group>";
		};
/* End PBXGroup section */

/* Begin PBXHeadersBuildPhase section */
		6C82D1DD2A653184006E5F8C /* Headers */ = {
			isa = PBXHeadersBuildPhase;
			buildActionMask = 2147483647;
			files = (
				6C82D1F22A653412006E5F8C /* XXdMath.h in Headers */,
			);
			runOnlyForDeploymentPostprocessing = 0;
		};
/* End PBXHeadersBuildPhase section */

/* Begin PBXNativeTarget section */
		6C82D1E02A653184006E5F8C /* xxd-math */ = {
			isa = PBXNativeTarget;
			buildConfigurationList = 6C82D1E22A653184006E5F8C /* Build configuration list for PBXNativeTarget "xxd-math" */;
			buildPhases = (
				6C82D1DD2A653184006E5F8C /* Headers */,
				6C82D1DE2A653184006E5F8C /* Sources */,
				6C82D1DF2A653184006E5F8C /* Frameworks */,
			);
			buildRules = (
			);
			dependencies = (
			);
			name = "xxd-math";
			productName = "xxd-math";
			productReference = 6C82D1E12A653184006E5F8C /* libxxd-math.a */;
			productType = "com.apple.product-type.library.static";
		};
		6CC33CF12A5BB95200F08869 /* ios-metal */ = {
			isa = PBXNativeTarget;
			buildConfigurationList = 6CC33D0B2A5BB95300F08869 /* Build configuration list for PBXNativeTarget "ios-metal" */;
			buildPhases = (
				6CC33CEE2A5BB95200F08869 /* Sources */,
				6CC33CEF2A5BB95200F08869 /* Frameworks */,
				6CC33CF02A5BB95200F08869 /* Resources */,
			);
			buildRules = (
			);
			dependencies = (
			);
			name = "ios-metal";
			productName = AppTest;
			productReference = 6CC33CF22A5BB95200F08869 /* ios-metal.app */;
			productType = "com.apple.product-type.application";
		};
/* End PBXNativeTarget section */

/* Begin PBXProject section */
		6CC33CEA2A5BB95200F08869 /* Project object */ = {
			isa = PBXProject;
			attributes = {
				BuildIndependentTargetsInParallel = 1;
				LastUpgradeCheck = 1430;
				TargetAttributes = {
					6C82D1E02A653184006E5F8C = {
						CreatedOnToolsVersion = 14.3.1;
					};
					6CC33CF12A5BB95200F08869 = {
						CreatedOnToolsVersion = 14.3.1;
					};
				};
			};
			buildConfigurationList = 6CC33CED2A5BB95200F08869 /* Build configuration list for PBXProject "ios-learn" */;
			compatibilityVersion = "Xcode 14.0";
			developmentRegion = en;
			hasScannedForEncodings = 0;
			knownRegions = (
				en,
				Base,
			);
			mainGroup = 6CC33CE92A5BB95200F08869;
			productRefGroup = 6CC33CF32A5BB95200F08869 /* Products */;
			projectDirPath = "";
			projectRoot = "";
			targets = (
				6CC33CF12A5BB95200F08869 /* ios-metal */,
				6C82D1E02A653184006E5F8C /* xxd-math */,
			);
		};
/* End PBXProject section */

/* Begin PBXResourcesBuildPhase section */
		6CC33CF02A5BB95200F08869 /* Resources */ = {
			isa = PBXResourcesBuildPhase;
			buildActionMask = 2147483647;
			files = (
				6CC33D022A5BB95300F08869 /* Assets.xcassets in Resources */,
			);
			runOnlyForDeploymentPostprocessing = 0;
		};
/* End PBXResourcesBuildPhase section */

/* Begin PBXSourcesBuildPhase section */
		6C82D1DE2A653184006E5F8C /* Sources */ = {
			isa = PBXSourcesBuildPhase;
			buildActionMask = 2147483647;
			files = (
				6C82D1FB2A6535FF006E5F8C /* XXdMath.cpp in Sources */,
			);
			runOnlyForDeploymentPostprocessing = 0;
		};
		6CC33CEE2A5BB95200F08869 /* Sources */ = {
			isa = PBXSourcesBuildPhase;
			buildActionMask = 2147483647;
			files = (
				6CC33D102A5BCEE400F08869 /* MainView.mm in Sources */,
				6CC33D162A5BED4700F08869 /* TriangleViewController.mm in Sources */,
				6CC33CFD2A5BB95200F08869 /* MainViewController.mm in Sources */,
				6CC33CF72A5BB95200F08869 /* AppDelegate.mm in Sources */,
				6CC33D1B2A5C2A8500F08869 /* MetalShader.metal in Sources */,
				6C2625222A5D52020055C757 /* BoxViewController.mm in Sources */,
				6CC33D192A5C1D0100F08869 /* XXdView.mm in Sources */,
				6CC33D082A5BB95300F08869 /* main.mm in Sources */,
				6CC33CFA2A5BB95200F08869 /* SceneDelegate.mm in Sources */,
			);
			runOnlyForDeploymentPostprocessing = 0;
		};
/* End PBXSourcesBuildPhase section */

/* Begin XCBuildConfiguration section */
		6C82D1E32A653184006E5F8C /* Debug */ = {
			isa = XCBuildConfiguration;
			buildSettings = {
				CODE_SIGN_STYLE = Automatic;
				DEVELOPMENT_TEAM = 2TGQL2R84B;
				EXECUTABLE_PREFIX = lib;
				MACOSX_DEPLOYMENT_TARGET = 13.3;
				PRODUCT_NAME = "$(TARGET_NAME)";
				SDKROOT = macosx;
				SKIP_INSTALL = YES;
				SUPPORTED_PLATFORMS = "iphonesimulator iphoneos";
			};
			name = Debug;
		};
		6C82D1E42A653184006E5F8C /* Release */ = {
			isa = XCBuildConfiguration;
			buildSettings = {
				CODE_SIGN_STYLE = Automatic;
				DEVELOPMENT_TEAM = 2TGQL2R84B;
				EXECUTABLE_PREFIX = lib;
				MACOSX_DEPLOYMENT_TARGET = 13.3;
				PRODUCT_NAME = "$(TARGET_NAME)";
				SDKROOT = macosx;
				SKIP_INSTALL = YES;
				SUPPORTED_PLATFORMS = "iphonesimulator iphoneos";
			};
			name = Release;
		};
		6CC33D092A5BB95300F08869 /* Debug */ = {
			isa = XCBuildConfiguration;
			buildSettings = {
				ALWAYS_SEARCH_USER_PATHS = NO;
				CLANG_ANALYZER_NONNULL = YES;
				CLANG_ANALYZER_NUMBER_OBJECT_CONVERSION = YES_AGGRESSIVE;
				CLANG_CXX_LANGUAGE_STANDARD = "gnu++20";
				CLANG_ENABLE_MODULES = YES;
				CLANG_ENABLE_OBJC_ARC = YES;
				CLANG_ENABLE_OBJC_WEAK = YES;
				CLANG_WARN_BLOCK_CAPTURE_AUTORELEASING = YES;
				CLANG_WARN_BOOL_CONVERSION = YES;
				CLANG_WARN_COMMA = YES;
				CLANG_WARN_CONSTANT_CONVERSION = YES;
				CLANG_WARN_DEPRECATED_OBJC_IMPLEMENTATIONS = YES;
				CLANG_WARN_DIRECT_OBJC_ISA_USAGE = YES_ERROR;
				CLANG_WARN_DOCUMENTATION_COMMENTS = YES;
				CLANG_WARN_EMPTY_BODY = YES;
				CLANG_WARN_ENUM_CONVERSION = YES;
				CLANG_WARN_INFINITE_RECURSION = YES;
				CLANG_WARN_INT_CONVERSION = YES;
				CLANG_WARN_NON_LITERAL_NULL_CONVERSION = YES;
				CLANG_WARN_OBJC_IMPLICIT_RETAIN_SELF = YES;
				CLANG_WARN_OBJC_LITERAL_CONVERSION = YES;
				CLANG_WARN_OBJC_ROOT_CLASS = YES_ERROR;
				CLANG_WARN_QUOTED_INCLUDE_IN_FRAMEWORK_HEADER = YES;
				CLANG_WARN_RANGE_LOOP_ANALYSIS = YES;
				CLANG_WARN_STRICT_PROTOTYPES = YES;
				CLANG_WARN_SUSPICIOUS_MOVE = YES;
				CLANG_WARN_UNGUARDED_AVAILABILITY = YES_AGGRESSIVE;
				CLANG_WARN_UNREACHABLE_CODE = YES;
				CLANG_WARN__DUPLICATE_METHOD_MATCH = YES;
				COPY_PHASE_STRIP = NO;
				DEBUG_INFORMATION_FORMAT = dwarf;
				ENABLE_STRICT_OBJC_MSGSEND = YES;
				ENABLE_TESTABILITY = YES;
				GCC_C_LANGUAGE_STANDARD = gnu11;
				GCC_DYNAMIC_NO_PIC = NO;
				GCC_NO_COMMON_BLOCKS = YES;
				GCC_OPTIMIZATION_LEVEL = 0;
				GCC_PREPROCESSOR_DEFINITIONS = (
					"DEBUG=1",
					"$(inherited)",
				);
				GCC_WARN_64_TO_32_BIT_CONVERSION = YES;
				GCC_WARN_ABOUT_RETURN_TYPE = YES_ERROR;
				GCC_WARN_UNDECLARED_SELECTOR = YES;
				GCC_WARN_UNINITIALIZED_AUTOS = YES_AGGRESSIVE;
				GCC_WARN_UNUSED_FUNCTION = YES;
				GCC_WARN_UNUSED_VARIABLE = YES;
				IPHONEOS_DEPLOYMENT_TARGET = 16.4;
				MTL_ENABLE_DEBUG_INFO = INCLUDE_SOURCE;
				MTL_FAST_MATH = YES;
				ONLY_ACTIVE_ARCH = YES;
				SDKROOT = iphoneos;
			};
			name = Debug;
		};
		6CC33D0A2A5BB95300F08869 /* Release */ = {
			isa = XCBuildConfiguration;
			buildSettings = {
				ALWAYS_SEARCH_USER_PATHS = NO;
				CLANG_ANALYZER_NONNULL = YES;
				CLANG_ANALYZER_NUMBER_OBJECT_CONVERSION = YES_AGGRESSIVE;
				CLANG_CXX_LANGUAGE_STANDARD = "gnu++20";
				CLANG_ENABLE_MODULES = YES;
				CLANG_ENABLE_OBJC_ARC = YES;
				CLANG_ENABLE_OBJC_WEAK = YES;
				CLANG_WARN_BLOCK_CAPTURE_AUTORELEASING = YES;
				CLANG_WARN_BOOL_CONVERSION = YES;
				CLANG_WARN_COMMA = YES;
				CLANG_WARN_CONSTANT_CONVERSION = YES;
				CLANG_WARN_DEPRECATED_OBJC_IMPLEMENTATIONS = YES;
				CLANG_WARN_DIRECT_OBJC_ISA_USAGE = YES_ERROR;
				CLANG_WARN_DOCUMENTATION_COMMENTS = YES;
				CLANG_WARN_EMPTY_BODY = YES;
				CLANG_WARN_ENUM_CONVERSION = YES;
				CLANG_WARN_INFINITE_RECURSION = YES;
				CLANG_WARN_INT_CONVERSION = YES;
				CLANG_WARN_NON_LITERAL_NULL_CONVERSION = YES;
				CLANG_WARN_OBJC_IMPLICIT_RETAIN_SELF = YES;
				CLANG_WARN_OBJC_LITERAL_CONVERSION = YES;
				CLANG_WARN_OBJC_ROOT_CLASS = YES_ERROR;
				CLANG_WARN_QUOTED_INCLUDE_IN_FRAMEWORK_HEADER = YES;
				CLANG_WARN_RANGE_LOOP_ANALYSIS = YES;
				CLANG_WARN_STRICT_PROTOTYPES = YES;
				CLANG_WARN_SUSPICIOUS_MOVE = YES;
				CLANG_WARN_UNGUARDED_AVAILABILITY = YES_AGGRESSIVE;
				CLANG_WARN_UNREACHABLE_CODE = YES;
				CLANG_WARN__DUPLICATE_METHOD_MATCH = YES;
				COPY_PHASE_STRIP = NO;
				DEBUG_INFORMATION_FORMAT = "dwarf-with-dsym";
				ENABLE_NS_ASSERTIONS = NO;
				ENABLE_STRICT_OBJC_MSGSEND = YES;
				GCC_C_LANGUAGE_STANDARD = gnu11;
				GCC_NO_COMMON_BLOCKS = YES;
				GCC_WARN_64_TO_32_BIT_CONVERSION = YES;
				GCC_WARN_ABOUT_RETURN_TYPE = YES_ERROR;
				GCC_WARN_UNDECLARED_SELECTOR = YES;
				GCC_WARN_UNINITIALIZED_AUTOS = YES_AGGRESSIVE;
				GCC_WARN_UNUSED_FUNCTION = YES;
				GCC_WARN_UNUSED_VARIABLE = YES;
				IPHONEOS_DEPLOYMENT_TARGET = 16.4;
				MTL_ENABLE_DEBUG_INFO = NO;
				MTL_FAST_MATH = YES;
				SDKROOT = iphoneos;
				VALIDATE_PRODUCT = YES;
			};
			name = Release;
		};
		6CC33D0C2A5BB95300F08869 /* Debug */ = {
			isa = XCBuildConfiguration;
			buildSettings = {
				ASSETCATALOG_COMPILER_APPICON_NAME = AppIcon;
				ASSETCATALOG_COMPILER_GLOBAL_ACCENT_COLOR_NAME = AccentColor;
				CODE_SIGN_STYLE = Automatic;
				CURRENT_PROJECT_VERSION = 1;
				DEVELOPMENT_TEAM = 2TGQL2R84B;
				GENERATE_INFOPLIST_FILE = YES;
				INFOPLIST_FILE = "ios-metal/Config/Info.plist";
				INFOPLIST_KEY_UIApplicationSupportsIndirectInputEvents = YES;
				INFOPLIST_KEY_UILaunchStoryboardName = "";
				INFOPLIST_KEY_UIMainStoryboardFile = "";
				INFOPLIST_KEY_UISupportedInterfaceOrientations_iPad = "UIInterfaceOrientationPortrait UIInterfaceOrientationPortraitUpsideDown UIInterfaceOrientationLandscapeLeft UIInterfaceOrientationLandscapeRight";
				INFOPLIST_KEY_UISupportedInterfaceOrientations_iPhone = "UIInterfaceOrientationPortrait UIInterfaceOrientationLandscapeLeft UIInterfaceOrientationLandscapeRight";
				IPHONEOS_DEPLOYMENT_TARGET = 13.0;
				LD_RUNPATH_SEARCH_PATHS = (
					"$(inherited)",
					"@executable_path/Frameworks",
				);
				LIBRARY_SEARCH_PATHS = "$(inherited)";
				MARKETING_VERSION = 1.0;
				PRODUCT_BUNDLE_IDENTIFIER = XCodeProj.AppTest;
				PRODUCT_NAME = "$(TARGET_NAME)";
				SDKROOT = macosx;
				SUPPORTED_PLATFORMS = "iphonesimulator iphoneos";
				SWIFT_EMIT_LOC_STRINGS = YES;
				TAPI_LANGUAGE = "objective-c";
				TARGETED_DEVICE_FAMILY = "1,2";
			};
			name = Debug;
		};
		6CC33D0D2A5BB95300F08869 /* Release */ = {
			isa = XCBuildConfiguration;
			buildSettings = {
				ASSETCATALOG_COMPILER_APPICON_NAME = AppIcon;
				ASSETCATALOG_COMPILER_GLOBAL_ACCENT_COLOR_NAME = AccentColor;
				CODE_SIGN_STYLE = Automatic;
				CURRENT_PROJECT_VERSION = 1;
				DEVELOPMENT_TEAM = 2TGQL2R84B;
				GENERATE_INFOPLIST_FILE = YES;
				INFOPLIST_FILE = "ios-metal/Config/Info.plist";
				INFOPLIST_KEY_UIApplicationSupportsIndirectInputEvents = YES;
				INFOPLIST_KEY_UILaunchStoryboardName = "";
				INFOPLIST_KEY_UIMainStoryboardFile = "";
				INFOPLIST_KEY_UISupportedInterfaceOrientations_iPad = "UIInterfaceOrientationPortrait UIInterfaceOrientationPortraitUpsideDown UIInterfaceOrientationLandscapeLeft UIInterfaceOrientationLandscapeRight";
				INFOPLIST_KEY_UISupportedInterfaceOrientations_iPhone = "UIInterfaceOrientationPortrait UIInterfaceOrientationLandscapeLeft UIInterfaceOrientationLandscapeRight";
				IPHONEOS_DEPLOYMENT_TARGET = 13.0;
				LD_RUNPATH_SEARCH_PATHS = (
					"$(inherited)",
					"@executable_path/Frameworks",
				);
				LIBRARY_SEARCH_PATHS = "$(inherited)";
				MARKETING_VERSION = 1.0;
				PRODUCT_BUNDLE_IDENTIFIER = XCodeProj.AppTest;
				PRODUCT_NAME = "$(TARGET_NAME)";
				SDKROOT = macosx;
				SUPPORTED_PLATFORMS = "iphonesimulator iphoneos";
				SWIFT_EMIT_LOC_STRINGS = YES;
				TAPI_LANGUAGE = "objective-c";
				TARGETED_DEVICE_FAMILY = "1,2";
			};
			name = Release;
		};
/* End XCBuildConfiguration section */

/* Begin XCConfigurationList section */
		6C82D1E22A653184006E5F8C /* Build configuration list for PBXNativeTarget "xxd-math" */ = {
			isa = XCConfigurationList;
			buildConfigurations = (
				6C82D1E32A653184006E5F8C /* Debug */,
				6C82D1E42A653184006E5F8C /* Release */,
			);
			defaultConfigurationIsVisible = 0;
			defaultConfigurationName = Release;
		};
		6CC33CED2A5BB95200F08869 /* Build configuration list for PBXProject "ios-learn" */ = {
			isa = XCConfigurationList;
			buildConfigurations = (
				6CC33D092A5BB95300F08869 /* Debug */,
				6CC33D0A2A5BB95300F08869 /* Release */,
			);
			defaultConfigurationIsVisible = 0;
			defaultConfigurationName = Release;
		};
		6CC33D0B2A5BB95300F08869 /* Build configuration list for PBXNativeTarget "ios-metal" */ = {
			isa = XCConfigurationList;
			buildConfigurations = (
				6CC33D0C2A5BB95300F08869 /* Debug */,
				6CC33D0D2A5BB95300F08869 /* Release */,
			);
			defaultConfigurationIsVisible = 0;
			defaultConfigurationName = Release;
		};
/* End XCConfigurationList section */
	};
	rootObject = 6CC33CEA2A5BB95200F08869 /* Project object */;
}
